
Microsoft Visual Studio Solution File, Format Version 12.00
# Visual Studio 15
VisualStudioVersion = 15.0.28307.960
MinimumVisualStudioVersion = 10.0.40219.1
Project("{FAE04EC0-301F-11D3-BF4B-00C04F79EFBC}") = "TaskFour", "TaskFour\TaskFour.csproj", "{E2788CA8-54EF-4A81-9F06-1D228F406876}"
EndProject
Global
	GlobalSection(SolutionConfigurationPlatforms) = preSolution
		Debug|Any CPU = Debug|Any CPU
		Release|Any CPU = Release|Any CPU
	EndGlobalSection
	GlobalSection(ProjectConfigurationPlatforms) = postSolution
		{E2788CA8-54EF-4A81-9F06-1D228F406876}.Debug|Any CPU.ActiveCfg = Debug|Any CPU
		{E2788CA8-54EF-4A81-9F06-1D228F406876}.Debug|Any CPU.Build.0 = Debug|Any CPU
		{E2788CA8-54EF-4A81-9F06-1D228F406876}.Release|Any CPU.ActiveCfg = Release|Any CPU
		{E2788CA8-54EF-4A81-9F06-1D228F406876}.Release|Any CPU.Build.0 = Release|Any CPU
	EndGlobalSection
	GlobalSection(SolutionProperties) = preSolution
		HideSolutionNode = FALSE
	EndGlobalSection
	GlobalSection(ExtensibilityGlobals) = postSolution
		SolutionGuid = {4CB3BA5F-324D-4197-8B4D-A29B3BE6BED4}
	EndGlobalSection
EndGlobal
