
Microsoft Visual Studio Solution File, Format Version 12.00
# Visual Studio 15
VisualStudioVersion = 15.0.28307.852
MinimumVisualStudioVersion = 10.0.40219.1
Project("{FAE04EC0-301F-11D3-BF4B-00C04F79EFBC}") = "TaskThree", "TaskThree\TaskThree.csproj", "{1C29AE74-6140-4617-B16E-D46FC6AA89C3}"
EndProject
Global
	GlobalSection(SolutionConfigurationPlatforms) = preSolution
		Debug|Any CPU = Debug|Any CPU
		Release|Any CPU = Release|Any CPU
	EndGlobalSection
	GlobalSection(ProjectConfigurationPlatforms) = postSolution
		{1C29AE74-6140-4617-B16E-D46FC6AA89C3}.Debug|Any CPU.ActiveCfg = Debug|Any CPU
		{1C29AE74-6140-4617-B16E-D46FC6AA89C3}.Debug|Any CPU.Build.0 = Debug|Any CPU
		{1C29AE74-6140-4617-B16E-D46FC6AA89C3}.Release|Any CPU.ActiveCfg = Release|Any CPU
		{1C29AE74-6140-4617-B16E-D46FC6AA89C3}.Release|Any CPU.Build.0 = Release|Any CPU
	EndGlobalSection
	GlobalSection(SolutionProperties) = preSolution
		HideSolutionNode = FALSE
	EndGlobalSection
	GlobalSection(ExtensibilityGlobals) = postSolution
		SolutionGuid = {FB07FB7F-1880-45AE-824A-EA8FCD8C050F}
	EndGlobalSection
EndGlobal
